vimagination.zapto.org/javascript v1.5.0 h1:MNQynA27nKt5LFewhtyCPBXBsSgZPl7oKAMlghmkv2w=
vimagination.zapto.org/javascript v1.5.0/go.mod h1:VHox5R23pekFQihRLxhfKh3lvY9TbGhG5KhPtMnM2kw=
vimagination.zapto.org/parser v1.0.4 h1:7REiRsbDlO7amHGjrCMudJaaw+E854njekVmTTsI2Hg=
vimagination.zapto.org/parser v1.0.4/go.mod h1:MxM1MZY6A9AeEx6nahIQ6MJaGZqX80n6Vm3zGVqV9FU=
