vimagination.zapto.org/javascript v1.6.2 h1:hfA2x3fsKzRoKtZje1e3Wq8BOmuANROHV3xjqerjxxQ=
vimagination.zapto.org/javascript v1.6.2/go.mod h1:VHox5R23pekFQihRLxhfKh3lvY9TbGhG5KhPtMnM2kw=
vimagination.zapto.org/parser v1.0.4 h1:7REiRsbDlO7amHGjrCMudJaaw+E854njekVmTTsI2Hg=
vimagination.zapto.org/parser v1.0.4/go.mod h1:MxM1MZY6A9AeEx6nahIQ6MJaGZqX80n6Vm3zGVqV9FU=
