vimagination.zapto.org/javascript v1.4.11 h1:ygPrlsld8QZUCpUY1PqbIx5XTP+99hWAEBN5o5Yv2Xc=
vimagination.zapto.org/javascript v1.4.11/go.mod h1:zGQvh50K8o8zaa/b3XH83gsjwSYz5ubq6EgpJw3smxg=
vimagination.zapto.org/parser v1.0.2 h1:EVp5w4HmERKntuXFhJVVdmLanqXUBW/VyDUzUDY/rY0=
vimagination.zapto.org/parser v1.0.2/go.mod h1:/H483adsvbp1SLfB0xfFBVfh+mze11+FHwCijc0rpCc=
